
Microsoft Visual Studio Solution File, Format Version 12.00
Project("{FAE04EC0-301F-11D3-BF4B-00C04F79EFBC}") = "MDIPaint", "MDIPaint\MDIPaint.csproj", "{F072C731-317D-4B97-BEBE-7733FEE2509D}"
EndProject
Project("{FAE04EC0-301F-11D3-BF4B-00C04F79EFBC}") = "PluginInterface", "PluginInterface\PluginInterface.csproj", "{1FE787E2-1590-4703-86F7-A53175CF373C}"
EndProject
Project("{FAE04EC0-301F-11D3-BF4B-00C04F79EFBC}") = "BWPlugin", "BWPlugin\BWPlugin.csproj", "{33585F6D-C6C5-458C-B820-5CB01A9565DD}"
EndProject
Project("{FAE04EC0-301F-11D3-BF4B-00C04F79EFBC}") = "MatrixMedianPlugin", "MatrixMedianPlugin\MatrixMedianPlugin.csproj", "{A8E8A211-333A-43D9-93A0-DFCF2131698E}"
EndProject
Project("{FAE04EC0-301F-11D3-BF4B-00C04F79EFBC}") = "AdditionalInformationPlugin", "AdditionalInformationPlugin\AdditionalInformationPlugin.csproj", "{55A345A6-D81E-4226-8937-102C13A58D25}"
EndProject
Global
	GlobalSection(SolutionConfigurationPlatforms) = preSolution
		Debug|Any CPU = Debug|Any CPU
		Release|Any CPU = Release|Any CPU
	EndGlobalSection
	GlobalSection(ProjectConfigurationPlatforms) = postSolution
		{F072C731-317D-4B97-BEBE-7733FEE2509D}.Debug|Any CPU.ActiveCfg = Debug|Any CPU
		{F072C731-317D-4B97-BEBE-7733FEE2509D}.Debug|Any CPU.Build.0 = Debug|Any CPU
		{F072C731-317D-4B97-BEBE-7733FEE2509D}.Release|Any CPU.ActiveCfg = Release|Any CPU
		{F072C731-317D-4B97-BEBE-7733FEE2509D}.Release|Any CPU.Build.0 = Release|Any CPU
		{1FE787E2-1590-4703-86F7-A53175CF373C}.Debug|Any CPU.ActiveCfg = Debug|Any CPU
		{1FE787E2-1590-4703-86F7-A53175CF373C}.Debug|Any CPU.Build.0 = Debug|Any CPU
		{1FE787E2-1590-4703-86F7-A53175CF373C}.Release|Any CPU.ActiveCfg = Release|Any CPU
		{1FE787E2-1590-4703-86F7-A53175CF373C}.Release|Any CPU.Build.0 = Release|Any CPU
		{33585F6D-C6C5-458C-B820-5CB01A9565DD}.Debug|Any CPU.ActiveCfg = Debug|Any CPU
		{33585F6D-C6C5-458C-B820-5CB01A9565DD}.Debug|Any CPU.Build.0 = Debug|Any CPU
		{33585F6D-C6C5-458C-B820-5CB01A9565DD}.Release|Any CPU.ActiveCfg = Release|Any CPU
		{33585F6D-C6C5-458C-B820-5CB01A9565DD}.Release|Any CPU.Build.0 = Release|Any CPU
		{A8E8A211-333A-43D9-93A0-DFCF2131698E}.Debug|Any CPU.ActiveCfg = Debug|Any CPU
		{A8E8A211-333A-43D9-93A0-DFCF2131698E}.Debug|Any CPU.Build.0 = Debug|Any CPU
		{A8E8A211-333A-43D9-93A0-DFCF2131698E}.Release|Any CPU.ActiveCfg = Release|Any CPU
		{A8E8A211-333A-43D9-93A0-DFCF2131698E}.Release|Any CPU.Build.0 = Release|Any CPU
		{55A345A6-D81E-4226-8937-102C13A58D25}.Debug|Any CPU.ActiveCfg = Debug|Any CPU
		{55A345A6-D81E-4226-8937-102C13A58D25}.Debug|Any CPU.Build.0 = Debug|Any CPU
		{55A345A6-D81E-4226-8937-102C13A58D25}.Release|Any CPU.ActiveCfg = Release|Any CPU
		{55A345A6-D81E-4226-8937-102C13A58D25}.Release|Any CPU.Build.0 = Release|Any CPU
	EndGlobalSection
EndGlobal
